
Microsoft Visual Studio Solution File, Format Version 12.00
# Visual Studio 14
VisualStudioVersion = 14.0.25420.1
MinimumVisualStudioVersion = 10.0.40219.1
Project("{FAE04EC0-301F-11D3-BF4B-00C04F79EFBC}") = "DesignPatterns", "DesignPatterns2\DesignPatterns.csproj", "{2A33F6DE-3E85-4DB5-9808-9D67211085AE}"
EndProject
Project("{FAE04EC0-301F-11D3-BF4B-00C04F79EFBC}") = "ObserverMode", "ObserverMode\ObserverMode.csproj", "{7D1520D3-6B0A-47A1-8907-9FC354231F2E}"
EndProject
Project("{FAE04EC0-301F-11D3-BF4B-00C04F79EFBC}") = "InnerObserver", "InnerObserver\InnerObserver.csproj", "{AA95C89F-7F97-4DCB-9640-9CD9558C2396}"
EndProject
Project("{FAE04EC0-301F-11D3-BF4B-00C04F79EFBC}") = "DecoratorPattern", "DecoratorMode\DecoratorPattern.csproj", "{8508595E-D208-47FA-B2AA-F2CA6A67C2F2}"
EndProject
Project("{FAE04EC0-301F-11D3-BF4B-00C04F79EFBC}") = "SimpleFactory", "SimpleFactory\SimpleFactory.csproj", "{8A319173-6EB8-4E3C-B379-85B6D25E8D03}"
EndProject
Project("{FAE04EC0-301F-11D3-BF4B-00C04F79EFBC}") = "FactoryMethod", "FactoryMethod\FactoryMethod.csproj", "{8E9D5BC9-632C-461B-A1EA-0D95635EF731}"
EndProject
Global
	GlobalSection(SolutionConfigurationPlatforms) = preSolution
		Debug|Any CPU = Debug|Any CPU
		Release|Any CPU = Release|Any CPU
	EndGlobalSection
	GlobalSection(ProjectConfigurationPlatforms) = postSolution
		{2A33F6DE-3E85-4DB5-9808-9D67211085AE}.Debug|Any CPU.ActiveCfg = Debug|Any CPU
		{2A33F6DE-3E85-4DB5-9808-9D67211085AE}.Debug|Any CPU.Build.0 = Debug|Any CPU
		{2A33F6DE-3E85-4DB5-9808-9D67211085AE}.Release|Any CPU.ActiveCfg = Release|Any CPU
		{2A33F6DE-3E85-4DB5-9808-9D67211085AE}.Release|Any CPU.Build.0 = Release|Any CPU
		{7D1520D3-6B0A-47A1-8907-9FC354231F2E}.Debug|Any CPU.ActiveCfg = Debug|Any CPU
		{7D1520D3-6B0A-47A1-8907-9FC354231F2E}.Debug|Any CPU.Build.0 = Debug|Any CPU
		{7D1520D3-6B0A-47A1-8907-9FC354231F2E}.Release|Any CPU.ActiveCfg = Release|Any CPU
		{7D1520D3-6B0A-47A1-8907-9FC354231F2E}.Release|Any CPU.Build.0 = Release|Any CPU
		{AA95C89F-7F97-4DCB-9640-9CD9558C2396}.Debug|Any CPU.ActiveCfg = Debug|Any CPU
		{AA95C89F-7F97-4DCB-9640-9CD9558C2396}.Debug|Any CPU.Build.0 = Debug|Any CPU
		{AA95C89F-7F97-4DCB-9640-9CD9558C2396}.Release|Any CPU.ActiveCfg = Release|Any CPU
		{AA95C89F-7F97-4DCB-9640-9CD9558C2396}.Release|Any CPU.Build.0 = Release|Any CPU
		{8508595E-D208-47FA-B2AA-F2CA6A67C2F2}.Debug|Any CPU.ActiveCfg = Debug|Any CPU
		{8508595E-D208-47FA-B2AA-F2CA6A67C2F2}.Debug|Any CPU.Build.0 = Debug|Any CPU
		{8508595E-D208-47FA-B2AA-F2CA6A67C2F2}.Release|Any CPU.ActiveCfg = Release|Any CPU
		{8508595E-D208-47FA-B2AA-F2CA6A67C2F2}.Release|Any CPU.Build.0 = Release|Any CPU
		{8A319173-6EB8-4E3C-B379-85B6D25E8D03}.Debug|Any CPU.ActiveCfg = Debug|Any CPU
		{8A319173-6EB8-4E3C-B379-85B6D25E8D03}.Debug|Any CPU.Build.0 = Debug|Any CPU
		{8A319173-6EB8-4E3C-B379-85B6D25E8D03}.Release|Any CPU.ActiveCfg = Release|Any CPU
		{8A319173-6EB8-4E3C-B379-85B6D25E8D03}.Release|Any CPU.Build.0 = Release|Any CPU
		{8E9D5BC9-632C-461B-A1EA-0D95635EF731}.Debug|Any CPU.ActiveCfg = Debug|Any CPU
		{8E9D5BC9-632C-461B-A1EA-0D95635EF731}.Debug|Any CPU.Build.0 = Debug|Any CPU
		{8E9D5BC9-632C-461B-A1EA-0D95635EF731}.Release|Any CPU.ActiveCfg = Release|Any CPU
		{8E9D5BC9-632C-461B-A1EA-0D95635EF731}.Release|Any CPU.Build.0 = Release|Any CPU
	EndGlobalSection
	GlobalSection(SolutionProperties) = preSolution
		HideSolutionNode = FALSE
	EndGlobalSection
EndGlobal
